// !$*UTF8*$!
{
	archiveVersion = 1;
	classes = {
	};
	objectVersion = 55;
	objects = {

/* Begin PBXBuildFile section */
		C4181FAD2761ADCF00C9F033 /* EnvironmentDemo.swift in Sources */ = {isa = PBXBuildFile; fileRef = C4181FAC2761ADCF00C9F033 /* EnvironmentDemo.swift */; };
		C4A8F5A62761A7BC004232D7 /* SwiftUIPropertyWrapperApp.swift in Sources */ = {isa = PBXBuildFile; fileRef = C4A8F5A52761A7BC004232D7 /* SwiftUIPropertyWrapperApp.swift */; };
		C4A8F5A82761A7BC004232D7 /* ContentView.swift in Sources */ = {isa = PBXBuildFile; fileRef = C4A8F5A72761A7BC004232D7 /* ContentView.swift */; };
		C4A8F5AA2761A7BE004232D7 /* Assets.xcassets in Resources */ = {isa = PBXBuildFile; fileRef = C4A8F5A92761A7BE004232D7 /* Assets.xcassets */; };
		C4A8F5AD2761A7BE004232D7 /* Preview Assets.xcassets in Resources */ = {isa = PBXBuildFile; fileRef = C4A8F5AC2761A7BE004232D7 /* Preview Assets.xcassets */; };
		C4A8F5B42761A85B004232D7 /* StateBindingDemo.swift in Sources */ = {isa = PBXBuildFile; fileRef = C4A8F5B32761A85B004232D7 /* StateBindingDemo.swift */; };
		C4A8F5B62761A8F4004232D7 /* EnvironmentObjectDemo.swift in Sources */ = {isa = PBXBuildFile; fileRef = C4A8F5B52761A8F4004232D7 /* EnvironmentObjectDemo.swift */; };
		C4A8F5B82761A933004232D7 /* Model.swift in Sources */ = {isa = PBXBuildFile; fileRef = C4A8F5B72761A933004232D7 /* Model.swift */; };
		C4A8F5BA2761AAE3004232D7 /* ObservedObjectDemo.swift in Sources */ = {isa = PBXBuildFile; fileRef = C4A8F5B92761AAE3004232D7 /* ObservedObjectDemo.swift */; };
/* End PBXBuildFile section */

/* Begin PBXFileReference section */
		C4181FAC2761ADCF00C9F033 /* EnvironmentDemo.swift */ = {isa = PBXFileReference; lastKnownFileType = sourcecode.swift; path = EnvironmentDemo.swift; sourceTree = "<group>"; };
		C4A8F5A22761A7BC004232D7 /* SwiftUIPropertyWrapper.app */ = {isa = PBXFileReference; explicitFileType = wrapper.application; includeInIndex = 0; path = SwiftUIPropertyWrapper.app; sourceTree = BUILT_PRODUCTS_DIR; };
		C4A8F5A52761A7BC004232D7 /* SwiftUIPropertyWrapperApp.swift */ = {isa = PBXFileReference; lastKnownFileType = sourcecode.swift; path = SwiftUIPropertyWrapperApp.swift; sourceTree = "<group>"; };
		C4A8F5A72761A7BC004232D7 /* ContentView.swift */ = {isa = PBXFileReference; lastKnownFileType = sourcecode.swift; path = ContentView.swift; sourceTree = "<group>"; };
		C4A8F5A92761A7BE004232D7 /* Assets.xcassets */ = {isa = PBXFileReference; lastKnownFileType = folder.assetcatalog; path = Assets.xcassets; sourceTree = "<group>"; };
		C4A8F5AC2761A7BE004232D7 /* Preview Assets.xcassets */ = {isa = PBXFileReference; lastKnownFileType = folder.assetcatalog; path = "Preview Assets.xcassets"; sourceTree = "<group>"; };
		C4A8F5B32761A85B004232D7 /* StateBindingDemo.swift */ = {isa = PBXFileReference; lastKnownFileType = sourcecode.swift; path = StateBindingDemo.swift; sourceTree = "<group>"; };
		C4A8F5B52761A8F4004232D7 /* EnvironmentObjectDemo.swift */ = {isa = PBXFileReference; lastKnownFileType = sourcecode.swift; path = EnvironmentObjectDemo.swift; sourceTree = "<group>"; };
		C4A8F5B72761A933004232D7 /* Model.swift */ = {isa = PBXFileReference; lastKnownFileType = sourcecode.swift; path = Model.swift; sourceTree = "<group>"; };
		C4A8F5B92761AAE3004232D7 /* ObservedObjectDemo.swift */ = {isa = PBXFileReference; lastKnownFileType = sourcecode.swift; path = ObservedObjectDemo.swift; sourceTree = "<group>"; };
/* End PBXFileReference section */

/* Begin PBXFrameworksBuildPhase section */
		C4A8F59F2761A7BC004232D7 /* Frameworks */ = {
			isa = PBXFrameworksBuildPhase;
			buildActionMask = 2147483647;
			files = (
			);
			runOnlyForDeploymentPostprocessing = 0;
		};
/* End PBXFrameworksBuildPhase section */

/* Begin PBXGroup section */
		C4A8F5992761A7BC004232D7 = {
			isa = PBXGroup;
			children = (
				C4A8F5A42761A7BC004232D7 /* SwiftUIPropertyWrapper */,
				C4A8F5A32761A7BC004232D7 /* Products */,
			);
			sourceTree = "<group>";
		};
		C4A8F5A32761A7BC004232D7 /* Products */ = {
			isa = PBXGroup;
			children = (
				C4A8F5A22761A7BC004232D7 /* SwiftUIPropertyWrapper.app */,
			);
			name = Products;
			sourceTree = "<group>";
		};
		C4A8F5A42761A7BC004232D7 /* SwiftUIPropertyWrapper */ = {
			isa = PBXGroup;
			children = (
				C4A8F5A52761A7BC004232D7 /* SwiftUIPropertyWrapperApp.swift */,
				C4A8F5A72761A7BC004232D7 /* ContentView.swift */,
				C4A8F5A92761A7BE004232D7 /* Assets.xcassets */,
				C4A8F5AB2761A7BE004232D7 /* Preview Content */,
				C4A8F5B32761A85B004232D7 /* StateBindingDemo.swift */,
				C4A8F5B52761A8F4004232D7 /* EnvironmentObjectDemo.swift */,
				C4A8F5B92761AAE3004232D7 /* ObservedObjectDemo.swift */,
				C4A8F5B72761A933004232D7 /* Model.swift */,
				C4181FAC2761ADCF00C9F033 /* EnvironmentDemo.swift */,
			);
			path = SwiftUIPropertyWrapper;
			sourceTree = "<group>";
		};
		C4A8F5AB2761A7BE004232D7 /* Preview Content */ = {
			isa = PBXGroup;
			children = (
				C4A8F5AC2761A7BE004232D7 /* Preview Assets.xcassets */,
			);
			path = "Preview Content";
			sourceTree = "<group>";
		};
/* End PBXGroup section */

/* Begin PBXNativeTarget section */
		C4A8F5A12761A7BC004232D7 /* SwiftUIPropertyWrapper */ = {
			isa = PBXNativeTarget;
			buildConfigurationList = C4A8F5B02761A7BE004232D7 /* Build configuration list for PBXNativeTarget "SwiftUIPropertyWrapper" */;
			buildPhases = (
				C4A8F59E2761A7BC004232D7 /* Sources */,
				C4A8F59F2761A7BC004232D7 /* Frameworks */,
				C4A8F5A02761A7BC004232D7 /* Resources */,
			);
			buildRules = (
			);
			dependencies = (
			);
			name = SwiftUIPropertyWrapper;
			productName = SwiftUIPropertyWrapper;
			productReference = C4A8F5A22761A7BC004232D7 /* SwiftUIPropertyWrapper.app */;
			productType = "com.apple.product-type.application";
		};
/* End PBXNativeTarget section */

/* Begin PBXProject section */
		C4A8F59A2761A7BC004232D7 /* Project object */ = {
			isa = PBXProject;
			attributes = {
				BuildIndependentTargetsInParallel = 1;
				LastSwiftUpdateCheck = 1310;
				LastUpgradeCheck = 1310;
				TargetAttributes = {
					C4A8F5A12761A7BC004232D7 = {
						CreatedOnToolsVersion = 13.1;
					};
				};
			};
			buildConfigurationList = C4A8F59D2761A7BC004232D7 /* Build configuration list for PBXProject "SwiftUIPropertyWrapper" */;
			compatibilityVersion = "Xcode 13.0";
			developmentRegion = en;
			hasScannedForEncodings = 0;
			knownRegions = (
				en,
				Base,
			);
			mainGroup = C4A8F5992761A7BC004232D7;
			productRefGroup = C4A8F5A32761A7BC004232D7 /* Products */;
			projectDirPath = "";
			projectRoot = "";
			targets = (
				C4A8F5A12761A7BC004232D7 /* SwiftUIPropertyWrapper */,
			);
		};
/* End PBXProject section */

/* Begin PBXResourcesBuildPhase section */
		C4A8F5A02761A7BC004232D7 /* Resources */ = {
			isa = PBXResourcesBuildPhase;
			buildActionMask = 2147483647;
			files = (
				C4A8F5AD2761A7BE004232D7 /* Preview Assets.xcassets in Resources */,
				C4A8F5AA2761A7BE004232D7 /* Assets.xcassets in Resources */,
			);
			runOnlyForDeploymentPostprocessing = 0;
		};
/* End PBXResourcesBuildPhase section */

/* Begin PBXSourcesBuildPhase section */
		C4A8F59E2761A7BC004232D7 /* Sources */ = {
			isa = PBXSourcesBuildPhase;
			buildActionMask = 2147483647;
			files = (
				C4181FAD2761ADCF00C9F033 /* EnvironmentDemo.swift in Sources */,
				C4A8F5B82761A933004232D7 /* Model.swift in Sources */,
				C4A8F5B42761A85B004232D7 /* StateBindingDemo.swift in Sources */,
				C4A8F5A82761A7BC004232D7 /* ContentView.swift in Sources */,
				C4A8F5BA2761AAE3004232D7 /* ObservedObjectDemo.swift in Sources */,
				C4A8F5B62761A8F4004232D7 /* EnvironmentObjectDemo.swift in Sources */,
				C4A8F5A62761A7BC004232D7 /* SwiftUIPropertyWrapperApp.swift in Sources */,
			);
			runOnlyForDeploymentPostprocessing = 0;
		};
/* End PBXSourcesBuildPhase section */

/* Begin XCBuildConfiguration section */
		C4A8F5AE2761A7BE004232D7 /* Debug */ = {
			isa = XCBuildConfiguration;
			buildSettings = {
				ALWAYS_SEARCH_USER_PATHS = NO;
				CLANG_ANALYZER_NONNULL = YES;
				CLANG_ANALYZER_NUMBER_OBJECT_CONVERSION = YES_AGGRESSIVE;
				CLANG_CXX_LANGUAGE_STANDARD = "gnu++17";
				CLANG_CXX_LIBRARY = "libc++";
				CLANG_ENABLE_MODULES = YES;
				CLANG_ENABLE_OBJC_ARC = YES;
				CLANG_ENABLE_OBJC_WEAK = YES;
				CLANG_WARN_BLOCK_CAPTURE_AUTORELEASING = YES;
				CLANG_WARN_BOOL_CONVERSION = YES;
				CLANG_WARN_COMMA = YES;
				CLANG_WARN_CONSTANT_CONVERSION = YES;
				CLANG_WARN_DEPRECATED_OBJC_IMPLEMENTATIONS = YES;
				CLANG_WARN_DIRECT_OBJC_ISA_USAGE = YES_ERROR;
				CLANG_WARN_DOCUMENTATION_COMMENTS = YES;
				CLANG_WARN_EMPTY_BODY = YES;
				CLANG_WARN_ENUM_CONVERSION = YES;
				CLANG_WARN_INFINITE_RECURSION = YES;
				CLANG_WARN_INT_CONVERSION = YES;
				CLANG_WARN_NON_LITERAL_NULL_CONVERSION = YES;
				CLANG_WARN_OBJC_IMPLICIT_RETAIN_SELF = YES;
				CLANG_WARN_OBJC_LITERAL_CONVERSION = YES;
				CLANG_WARN_OBJC_ROOT_CLASS = YES_ERROR;
				CLANG_WARN_QUOTED_INCLUDE_IN_FRAMEWORK_HEADER = YES;
				CLANG_WARN_RANGE_LOOP_ANALYSIS = YES;
				CLANG_WARN_STRICT_PROTOTYPES = YES;
				CLANG_WARN_SUSPICIOUS_MOVE = YES;
				CLANG_WARN_UNGUARDED_AVAILABILITY = YES_AGGRESSIVE;
				CLANG_WARN_UNREACHABLE_CODE = YES;
				CLANG_WARN__DUPLICATE_METHOD_MATCH = YES;
				COPY_PHASE_STRIP = NO;
				DEBUG_INFORMATION_FORMAT = dwarf;
				ENABLE_STRICT_OBJC_MSGSEND = YES;
				ENABLE_TESTABILITY = YES;
				GCC_C_LANGUAGE_STANDARD = gnu11;
				GCC_DYNAMIC_NO_PIC = NO;
				GCC_NO_COMMON_BLOCKS = YES;
				GCC_OPTIMIZATION_LEVEL = 0;
				GCC_PREPROCESSOR_DEFINITIONS = (
					"DEBUG=1",
					"$(inherited)",
				);
				GCC_WARN_64_TO_32_BIT_CONVERSION = YES;
				GCC_WARN_ABOUT_RETURN_TYPE = YES_ERROR;
				GCC_WARN_UNDECLARED_SELECTOR = YES;
				GCC_WARN_UNINITIALIZED_AUTOS = YES_AGGRESSIVE;
				GCC_WARN_UNUSED_FUNCTION = YES;
				GCC_WARN_UNUSED_VARIABLE = YES;
				IPHONEOS_DEPLOYMENT_TARGET = 15.0;
				MTL_ENABLE_DEBUG_INFO = INCLUDE_SOURCE;
				MTL_FAST_MATH = YES;
				ONLY_ACTIVE_ARCH = YES;
				SDKROOT = iphoneos;
				SWIFT_ACTIVE_COMPILATION_CONDITIONS = DEBUG;
				SWIFT_OPTIMIZATION_LEVEL = "-Onone";
			};
			name = Debug;
		};
		C4A8F5AF2761A7BE004232D7 /* Release */ = {
			isa = XCBuildConfiguration;
			buildSettings = {
				ALWAYS_SEARCH_USER_PATHS = NO;
				CLANG_ANALYZER_NONNULL = YES;
				CLANG_ANALYZER_NUMBER_OBJECT_CONVERSION = YES_AGGRESSIVE;
				CLANG_CXX_LANGUAGE_STANDARD = "gnu++17";
				CLANG_CXX_LIBRARY = "libc++";
				CLANG_ENABLE_MODULES = YES;
				CLANG_ENABLE_OBJC_ARC = YES;
				CLANG_ENABLE_OBJC_WEAK = YES;
				CLANG_WARN_BLOCK_CAPTURE_AUTORELEASING = YES;
				CLANG_WARN_BOOL_CONVERSION = YES;
				CLANG_WARN_COMMA = YES;
				CLANG_WARN_CONSTANT_CONVERSION = YES;
				CLANG_WARN_DEPRECATED_OBJC_IMPLEMENTATIONS = YES;
				CLANG_WARN_DIRECT_OBJC_ISA_USAGE = YES_ERROR;
				CLANG_WARN_DOCUMENTATION_COMMENTS = YES;
				CLANG_WARN_EMPTY_BODY = YES;
				CLANG_WARN_ENUM_CONVERSION = YES;
				CLANG_WARN_INFINITE_RECURSION = YES;
				CLANG_WARN_INT_CONVERSION = YES;
				CLANG_WARN_NON_LITERAL_NULL_CONVERSION = YES;
				CLANG_WARN_OBJC_IMPLICIT_RETAIN_SELF = YES;
				CLANG_WARN_OBJC_LITERAL_CONVERSION = YES;
				CLANG_WARN_OBJC_ROOT_CLASS = YES_ERROR;
				CLANG_WARN_QUOTED_INCLUDE_IN_FRAMEWORK_HEADER = YES;
				CLANG_WARN_RANGE_LOOP_ANALYSIS = YES;
				CLANG_WARN_STRICT_PROTOTYPES = YES;
				CLANG_WARN_SUSPICIOUS_MOVE = YES;
				CLANG_WARN_UNGUARDED_AVAILABILITY = YES_AGGRESSIVE;
				CLANG_WARN_UNREACHABLE_CODE = YES;
				CLANG_WARN__DUPLICATE_METHOD_MATCH = YES;
				COPY_PHASE_STRIP = NO;
				DEBUG_INFORMATION_FORMAT = "dwarf-with-dsym";
				ENABLE_NS_ASSERTIONS = NO;
				ENABLE_STRICT_OBJC_MSGSEND = YES;
				GCC_C_LANGUAGE_STANDARD = gnu11;
				GCC_NO_COMMON_BLOCKS = YES;
				GCC_WARN_64_TO_32_BIT_CONVERSION = YES;
				GCC_WARN_ABOUT_RETURN_TYPE = YES_ERROR;
				GCC_WARN_UNDECLARED_SELECTOR = YES;
				GCC_WARN_UNINITIALIZED_AUTOS = YES_AGGRESSIVE;
				GCC_WARN_UNUSED_FUNCTION = YES;
				GCC_WARN_UNUSED_VARIABLE = YES;
				IPHONEOS_DEPLOYMENT_TARGET = 15.0;
				MTL_ENABLE_DEBUG_INFO = NO;
				MTL_FAST_MATH = YES;
				SDKROOT = iphoneos;
				SWIFT_COMPILATION_MODE = wholemodule;
				SWIFT_OPTIMIZATION_LEVEL = "-O";
				VALIDATE_PRODUCT = YES;
			};
			name = Release;
		};
		C4A8F5B12761A7BE004232D7 /* Debug */ = {
			isa = XCBuildConfiguration;
			buildSettings = {
				ASSETCATALOG_COMPILER_APPICON_NAME = AppIcon;
				ASSETCATALOG_COMPILER_GLOBAL_ACCENT_COLOR_NAME = AccentColor;
				CODE_SIGN_STYLE = Automatic;
				CURRENT_PROJECT_VERSION = 1;
				DEVELOPMENT_ASSET_PATHS = "\"SwiftUIPropertyWrapper/Preview Content\"";
				DEVELOPMENT_TEAM = 7Z248Z369V;
				ENABLE_PREVIEWS = YES;
				GENERATE_INFOPLIST_FILE = YES;
				INFOPLIST_KEY_UIApplicationSceneManifest_Generation = YES;
				INFOPLIST_KEY_UIApplicationSupportsIndirectInputEvents = YES;
				INFOPLIST_KEY_UILaunchScreen_Generation = YES;
				INFOPLIST_KEY_UISupportedInterfaceOrientations_iPad = "UIInterfaceOrientationPortrait UIInterfaceOrientationPortraitUpsideDown UIInterfaceOrientationLandscapeLeft UIInterfaceOrientationLandscapeRight";
				INFOPLIST_KEY_UISupportedInterfaceOrientations_iPhone = "UIInterfaceOrientationPortrait UIInterfaceOrientationLandscapeLeft UIInterfaceOrientationLandscapeRight";
				LD_RUNPATH_SEARCH_PATHS = (
					"$(inherited)",
					"@executable_path/Frameworks",
				);
				MARKETING_VERSION = 1.0;
				PRODUCT_BUNDLE_IDENTIFIER = com.chanli.SwiftUIPropertyWrapper;
				PRODUCT_NAME = "$(TARGET_NAME)";
				SWIFT_EMIT_LOC_STRINGS = YES;
				SWIFT_VERSION = 5.0;
				TARGETED_DEVICE_FAMILY = "1,2";
			};
			name = Debug;
		};
		C4A8F5B22761A7BE004232D7 /* Release */ = {
			isa = XCBuildConfiguration;
			buildSettings = {
				ASSETCATALOG_COMPILER_APPICON_NAME = AppIcon;
				ASSETCATALOG_COMPILER_GLOBAL_ACCENT_COLOR_NAME = AccentColor;
				CODE_SIGN_STYLE = Automatic;
				CURRENT_PROJECT_VERSION = 1;
				DEVELOPMENT_ASSET_PATHS = "\"SwiftUIPropertyWrapper/Preview Content\"";
				DEVELOPMENT_TEAM = 7Z248Z369V;
				ENABLE_PREVIEWS = YES;
				GENERATE_INFOPLIST_FILE = YES;
				INFOPLIST_KEY_UIApplicationSceneManifest_Generation = YES;
				INFOPLIST_KEY_UIApplicationSupportsIndirectInputEvents = YES;
				INFOPLIST_KEY_UILaunchScreen_Generation = YES;
				INFOPLIST_KEY_UISupportedInterfaceOrientations_iPad = "UIInterfaceOrientationPortrait UIInterfaceOrientationPortraitUpsideDown UIInterfaceOrientationLandscapeLeft UIInterfaceOrientationLandscapeRight";
				INFOPLIST_KEY_UISupportedInterfaceOrientations_iPhone = "UIInterfaceOrientationPortrait UIInterfaceOrientationLandscapeLeft UIInterfaceOrientationLandscapeRight";
				LD_RUNPATH_SEARCH_PATHS = (
					"$(inherited)",
					"@executable_path/Frameworks",
				);
				MARKETING_VERSION = 1.0;
				PRODUCT_BUNDLE_IDENTIFIER = com.chanli.SwiftUIPropertyWrapper;
				PRODUCT_NAME = "$(TARGET_NAME)";
				SWIFT_EMIT_LOC_STRINGS = YES;
				SWIFT_VERSION = 5.0;
				TARGETED_DEVICE_FAMILY = "1,2";
			};
			name = Release;
		};
/* End XCBuildConfiguration section */

/* Begin XCConfigurationList section */
		C4A8F59D2761A7BC004232D7 /* Build configuration list for PBXProject "SwiftUIPropertyWrapper" */ = {
			isa = XCConfigurationList;
			buildConfigurations = (
				C4A8F5AE2761A7BE004232D7 /* Debug */,
				C4A8F5AF2761A7BE004232D7 /* Release */,
			);
			defaultConfigurationIsVisible = 0;
			defaultConfigurationName = Release;
		};
		C4A8F5B02761A7BE004232D7 /* Build configuration list for PBXNativeTarget "SwiftUIPropertyWrapper" */ = {
			isa = XCConfigurationList;
			buildConfigurations = (
				C4A8F5B12761A7BE004232D7 /* Debug */,
				C4A8F5B22761A7BE004232D7 /* Release */,
			);
			defaultConfigurationIsVisible = 0;
			defaultConfigurationName = Release;
		};
/* End XCConfigurationList section */
	};
	rootObject = C4A8F59A2761A7BC004232D7 /* Project object */;
}
